
Microsoft Visual Studio Solution File, Format Version 12.00
# Visual Studio Version 16
VisualStudioVersion = 16.0.32002.261
MinimumVisualStudioVersion = 10.0.40219.1
Project("{FAE04EC0-301F-11D3-BF4B-00C04F79EFBC}") = "mTickets", "mTickets\mTickets.csproj", "{6C6282D6-1878-4E91-8738-B907616BB830}"
EndProject
Global
	GlobalSection(SolutionConfigurationPlatforms) = preSolution
		Debug|Any CPU = Debug|Any CPU
		Release|Any CPU = Release|Any CPU
	EndGlobalSection
	GlobalSection(ProjectConfigurationPlatforms) = postSolution
		{6C6282D6-1878-4E91-8738-B907616BB830}.Debug|Any CPU.ActiveCfg = Debug|Any CPU
		{6C6282D6-1878-4E91-8738-B907616BB830}.Debug|Any CPU.Build.0 = Debug|Any CPU
		{6C6282D6-1878-4E91-8738-B907616BB830}.Release|Any CPU.ActiveCfg = Release|Any CPU
		{6C6282D6-1878-4E91-8738-B907616BB830}.Release|Any CPU.Build.0 = Release|Any CPU
	EndGlobalSection
	GlobalSection(SolutionProperties) = preSolution
		HideSolutionNode = FALSE
	EndGlobalSection
	GlobalSection(ExtensibilityGlobals) = postSolution
		SolutionGuid = {D985E5A6-9428-4436-84D0-9C29669E1AD4}
	EndGlobalSection
EndGlobal
